
Microsoft Visual Studio Solution File, Format Version 12.00
# Visual Studio Version 17
VisualStudioVersion = 17.0.32112.339
MinimumVisualStudioVersion = 10.0.40219.1
Project("{9A19103F-16F7-4668-BE54-9A1E7A4F7556}") = "自定义网卡硬件地址", "自定义网卡硬件地址.csproj", "{7AC84718-FEF3-479A-A071-8AC628245AB1}"
EndProject
Global
	GlobalSection(SolutionConfigurationPlatforms) = preSolution
		Debug|x64 = Debug|x64
		Release|x64 = Release|x64
	EndGlobalSection
	GlobalSection(ProjectConfigurationPlatforms) = postSolution
		{7AC84718-FEF3-479A-A071-8AC628245AB1}.Debug|x64.ActiveCfg = Debug|x64
		{7AC84718-FEF3-479A-A071-8AC628245AB1}.Debug|x64.Build.0 = Debug|x64
		{7AC84718-FEF3-479A-A071-8AC628245AB1}.Release|x64.ActiveCfg = Release|x64
		{7AC84718-FEF3-479A-A071-8AC628245AB1}.Release|x64.Build.0 = Release|x64
	EndGlobalSection
	GlobalSection(SolutionProperties) = preSolution
		HideSolutionNode = FALSE
	EndGlobalSection
	GlobalSection(ExtensibilityGlobals) = postSolution
		SolutionGuid = {03130244-53E8-40E6-B359-B4941C88538D}
	EndGlobalSection
EndGlobal
